// !$*UTF8*$!
{
	archiveVersion = 1;
	classes = {
	};
	objectVersion = 55;
	objects = {

/* Begin PBXBuildFile section */
		3857168029B7AB540021662A /* EditTextView.swift in Sources */ = {isa = PBXBuildFile; fileRef = 3857167F29B7AB540021662A /* EditTextView.swift */; };
		3857168329B7ADF30021662A /* CustomTextFieldStyle.swift in Sources */ = {isa = PBXBuildFile; fileRef = 3857168229B7ADF30021662A /* CustomTextFieldStyle.swift */; };
		3857168529B7B6320021662A /* LoadingButton.swift in Sources */ = {isa = PBXBuildFile; fileRef = 3857168429B7B6320021662A /* LoadingButton.swift */; };
		3857168629B8FCE60021662A /* MycarApp.swift in Sources */ = {isa = PBXBuildFile; fileRef = 385AACF229AE7E0800B45313 /* MycarApp.swift */; };
		385AACF729AE7E0A00B45313 /* Assets.xcassets in Resources */ = {isa = PBXBuildFile; fileRef = 385AACF629AE7E0A00B45313 /* Assets.xcassets */; };
		385AACFA29AE7E0A00B45313 /* Preview Assets.xcassets in Resources */ = {isa = PBXBuildFile; fileRef = 385AACF929AE7E0A00B45313 /* Preview Assets.xcassets */; };
		385AAD0729AE7F2B00B45313 /* SplashUiState.swift in Sources */ = {isa = PBXBuildFile; fileRef = 385AAD0629AE7F2B00B45313 /* SplashUiState.swift */; };
		385AAD0929AE7F7000B45313 /* SplashViewModel.swift in Sources */ = {isa = PBXBuildFile; fileRef = 385AAD0829AE7F7000B45313 /* SplashViewModel.swift */; };
		385AAD0B29AE7F9C00B45313 /* SplashView.swift in Sources */ = {isa = PBXBuildFile; fileRef = 385AAD0A29AE7F9C00B45313 /* SplashView.swift */; };
		385AAD0D29AE84DB00B45313 /* SplashViewRouter.swift in Sources */ = {isa = PBXBuildFile; fileRef = 385AAD0C29AE84DB00B45313 /* SplashViewRouter.swift */; };
		385AAD1129AE857A00B45313 /* CarsView.swift in Sources */ = {isa = PBXBuildFile; fileRef = 385AAD1029AE857A00B45313 /* CarsView.swift */; };
		385AAD1329AE858700B45313 /* CarsViewModel.swift in Sources */ = {isa = PBXBuildFile; fileRef = 385AAD1229AE858700B45313 /* CarsViewModel.swift */; };
		385AAD1629AE894700B45313 /* CarsModel.swift in Sources */ = {isa = PBXBuildFile; fileRef = 385AAD1529AE894700B45313 /* CarsModel.swift */; };
		387D7A2C29C499E900F91887 /* WebService.swift in Sources */ = {isa = PBXBuildFile; fileRef = 387D7A2B29C499E900F91887 /* WebService.swift */; };
		387D7A2F29C49E8700F91887 /* CarRemoteDataSource.swift in Sources */ = {isa = PBXBuildFile; fileRef = 387D7A2E29C49E8700F91887 /* CarRemoteDataSource.swift */; };
		387D7A3129C4A08500F91887 /* BrandResponse.swift in Sources */ = {isa = PBXBuildFile; fileRef = 387D7A3029C4A08500F91887 /* BrandResponse.swift */; };
		387D7A3429C4A13400F91887 /* AppError.swift in Sources */ = {isa = PBXBuildFile; fileRef = 387D7A3329C4A13400F91887 /* AppError.swift */; };
		387D7A3629C4A1E600F91887 /* CarInterector.swift in Sources */ = {isa = PBXBuildFile; fileRef = 387D7A3529C4A1E600F91887 /* CarInterector.swift */; };
		387D7A3A29C4EC3800F91887 /* BrandViewModel.swift in Sources */ = {isa = PBXBuildFile; fileRef = 387D7A3929C4EC3800F91887 /* BrandViewModel.swift */; };
		387D7A3C29C6053D00F91887 /* ModelViewModel.swift in Sources */ = {isa = PBXBuildFile; fileRef = 387D7A3B29C6053D00F91887 /* ModelViewModel.swift */; };
		387D7A3E29C60DF300F91887 /* ModelResponse.swift in Sources */ = {isa = PBXBuildFile; fileRef = 387D7A3D29C60DF300F91887 /* ModelResponse.swift */; };
		387D7A4129C72ACF00F91887 /* String+Extensions.swift in Sources */ = {isa = PBXBuildFile; fileRef = 387D7A4029C72ACF00F91887 /* String+Extensions.swift */; };
		38DFF67C29CCCA30009EC28C /* YearResponse.swift in Sources */ = {isa = PBXBuildFile; fileRef = 38DFF67B29CCCA30009EC28C /* YearResponse.swift */; };
		38DFF67E29CCCA55009EC28C /* YearViewModel.swift in Sources */ = {isa = PBXBuildFile; fileRef = 38DFF67D29CCCA55009EC28C /* YearViewModel.swift */; };
		38DFF68029CCE608009EC28C /* DescriptResponse.swift in Sources */ = {isa = PBXBuildFile; fileRef = 38DFF67F29CCE608009EC28C /* DescriptResponse.swift */; };
		38DFF68229CCE6C5009EC28C /* DescriptViewModel.swift in Sources */ = {isa = PBXBuildFile; fileRef = 38DFF68129CCE6C5009EC28C /* DescriptViewModel.swift */; };
		38DFF68829D606D9009EC28C /* FipeSearchViewModel.swift in Sources */ = {isa = PBXBuildFile; fileRef = 38DFF68729D606D9009EC28C /* FipeSearchViewModel.swift */; };
		38DFF68A29D6076B009EC28C /* FipeSearchModel.swift in Sources */ = {isa = PBXBuildFile; fileRef = 38DFF68929D6076B009EC28C /* FipeSearchModel.swift */; };
		38DFF68C29D609D2009EC28C /* FipeSearchView.swift in Sources */ = {isa = PBXBuildFile; fileRef = 38DFF68B29D609D2009EC28C /* FipeSearchView.swift */; };
		38DFF68E29D60DE3009EC28C /* HomeView.swift in Sources */ = {isa = PBXBuildFile; fileRef = 38DFF68D29D60DE3009EC28C /* HomeView.swift */; };
		38DFF69029D60E8C009EC28C /* HomeViewModel.swift in Sources */ = {isa = PBXBuildFile; fileRef = 38DFF68F29D60E8C009EC28C /* HomeViewModel.swift */; };
		38DFF69229D613CB009EC28C /* HomeViewRouter.swift in Sources */ = {isa = PBXBuildFile; fileRef = 38DFF69129D613CB009EC28C /* HomeViewRouter.swift */; };
/* End PBXBuildFile section */

/* Begin PBXFileReference section */
		3857167F29B7AB540021662A /* EditTextView.swift */ = {isa = PBXFileReference; lastKnownFileType = sourcecode.swift; path = EditTextView.swift; sourceTree = "<group>"; };
		3857168229B7ADF30021662A /* CustomTextFieldStyle.swift */ = {isa = PBXFileReference; lastKnownFileType = sourcecode.swift; path = CustomTextFieldStyle.swift; sourceTree = "<group>"; };
		3857168429B7B6320021662A /* LoadingButton.swift */ = {isa = PBXFileReference; lastKnownFileType = sourcecode.swift; path = LoadingButton.swift; sourceTree = "<group>"; };
		385AACEF29AE7E0800B45313 /* Mycar.app */ = {isa = PBXFileReference; explicitFileType = wrapper.application; includeInIndex = 0; path = Mycar.app; sourceTree = BUILT_PRODUCTS_DIR; };
		385AACF229AE7E0800B45313 /* MycarApp.swift */ = {isa = PBXFileReference; lastKnownFileType = sourcecode.swift; path = MycarApp.swift; sourceTree = "<group>"; };
		385AACF629AE7E0A00B45313 /* Assets.xcassets */ = {isa = PBXFileReference; lastKnownFileType = folder.assetcatalog; path = Assets.xcassets; sourceTree = "<group>"; };
		385AACF929AE7E0A00B45313 /* Preview Assets.xcassets */ = {isa = PBXFileReference; lastKnownFileType = folder.assetcatalog; path = "Preview Assets.xcassets"; sourceTree = "<group>"; };
		385AAD0629AE7F2B00B45313 /* SplashUiState.swift */ = {isa = PBXFileReference; lastKnownFileType = sourcecode.swift; path = SplashUiState.swift; sourceTree = "<group>"; };
		385AAD0829AE7F7000B45313 /* SplashViewModel.swift */ = {isa = PBXFileReference; lastKnownFileType = sourcecode.swift; path = SplashViewModel.swift; sourceTree = "<group>"; };
		385AAD0A29AE7F9C00B45313 /* SplashView.swift */ = {isa = PBXFileReference; lastKnownFileType = sourcecode.swift; path = SplashView.swift; sourceTree = "<group>"; wrapsLines = 1; };
		385AAD0C29AE84DB00B45313 /* SplashViewRouter.swift */ = {isa = PBXFileReference; lastKnownFileType = sourcecode.swift; path = SplashViewRouter.swift; sourceTree = "<group>"; };
		385AAD1029AE857A00B45313 /* CarsView.swift */ = {isa = PBXFileReference; lastKnownFileType = sourcecode.swift; path = CarsView.swift; sourceTree = "<group>"; };
		385AAD1229AE858700B45313 /* CarsViewModel.swift */ = {isa = PBXFileReference; lastKnownFileType = sourcecode.swift; path = CarsViewModel.swift; sourceTree = "<group>"; };
		385AAD1529AE894700B45313 /* CarsModel.swift */ = {isa = PBXFileReference; lastKnownFileType = sourcecode.swift; path = CarsModel.swift; sourceTree = "<group>"; };
		387D7A2B29C499E900F91887 /* WebService.swift */ = {isa = PBXFileReference; lastKnownFileType = sourcecode.swift; path = WebService.swift; sourceTree = "<group>"; };
		387D7A2E29C49E8700F91887 /* CarRemoteDataSource.swift */ = {isa = PBXFileReference; lastKnownFileType = sourcecode.swift; path = CarRemoteDataSource.swift; sourceTree = "<group>"; };
		387D7A3029C4A08500F91887 /* BrandResponse.swift */ = {isa = PBXFileReference; lastKnownFileType = sourcecode.swift; path = BrandResponse.swift; sourceTree = "<group>"; };
		387D7A3329C4A13400F91887 /* AppError.swift */ = {isa = PBXFileReference; lastKnownFileType = sourcecode.swift; path = AppError.swift; sourceTree = "<group>"; };
		387D7A3529C4A1E600F91887 /* CarInterector.swift */ = {isa = PBXFileReference; lastKnownFileType = sourcecode.swift; path = CarInterector.swift; sourceTree = "<group>"; };
		387D7A3929C4EC3800F91887 /* BrandViewModel.swift */ = {isa = PBXFileReference; lastKnownFileType = sourcecode.swift; path = BrandViewModel.swift; sourceTree = "<group>"; };
		387D7A3B29C6053D00F91887 /* ModelViewModel.swift */ = {isa = PBXFileReference; lastKnownFileType = sourcecode.swift; path = ModelViewModel.swift; sourceTree = "<group>"; };
		387D7A3D29C60DF300F91887 /* ModelResponse.swift */ = {isa = PBXFileReference; lastKnownFileType = sourcecode.swift; path = ModelResponse.swift; sourceTree = "<group>"; };
		387D7A4029C72ACF00F91887 /* String+Extensions.swift */ = {isa = PBXFileReference; lastKnownFileType = sourcecode.swift; path = "String+Extensions.swift"; sourceTree = "<group>"; };
		38DFF67B29CCCA30009EC28C /* YearResponse.swift */ = {isa = PBXFileReference; lastKnownFileType = sourcecode.swift; path = YearResponse.swift; sourceTree = "<group>"; };
		38DFF67D29CCCA55009EC28C /* YearViewModel.swift */ = {isa = PBXFileReference; lastKnownFileType = sourcecode.swift; path = YearViewModel.swift; sourceTree = "<group>"; };
		38DFF67F29CCE608009EC28C /* DescriptResponse.swift */ = {isa = PBXFileReference; lastKnownFileType = sourcecode.swift; path = DescriptResponse.swift; sourceTree = "<group>"; };
		38DFF68129CCE6C5009EC28C /* DescriptViewModel.swift */ = {isa = PBXFileReference; lastKnownFileType = sourcecode.swift; path = DescriptViewModel.swift; sourceTree = "<group>"; };
		38DFF68729D606D9009EC28C /* FipeSearchViewModel.swift */ = {isa = PBXFileReference; lastKnownFileType = sourcecode.swift; path = FipeSearchViewModel.swift; sourceTree = "<group>"; };
		38DFF68929D6076B009EC28C /* FipeSearchModel.swift */ = {isa = PBXFileReference; lastKnownFileType = sourcecode.swift; path = FipeSearchModel.swift; sourceTree = "<group>"; };
		38DFF68B29D609D2009EC28C /* FipeSearchView.swift */ = {isa = PBXFileReference; lastKnownFileType = sourcecode.swift; path = FipeSearchView.swift; sourceTree = "<group>"; };
		38DFF68D29D60DE3009EC28C /* HomeView.swift */ = {isa = PBXFileReference; lastKnownFileType = sourcecode.swift; path = HomeView.swift; sourceTree = "<group>"; };
		38DFF68F29D60E8C009EC28C /* HomeViewModel.swift */ = {isa = PBXFileReference; lastKnownFileType = sourcecode.swift; path = HomeViewModel.swift; sourceTree = "<group>"; };
		38DFF69129D613CB009EC28C /* HomeViewRouter.swift */ = {isa = PBXFileReference; lastKnownFileType = sourcecode.swift; path = HomeViewRouter.swift; sourceTree = "<group>"; };
/* End PBXFileReference section */

/* Begin PBXFrameworksBuildPhase section */
		385AACEC29AE7E0800B45313 /* Frameworks */ = {
			isa = PBXFrameworksBuildPhase;
			buildActionMask = 2147483647;
			files = (
			);
			runOnlyForDeploymentPostprocessing = 0;
		};
/* End PBXFrameworksBuildPhase section */

/* Begin PBXGroup section */
		3857167E29B7AB310021662A /* Common */ = {
			isa = PBXGroup;
			children = (
				387D7A3F29C72AA400F91887 /* Lang */,
				387D7A3229C4A12500F91887 /* Model */,
				387D7A2A29C499BD00F91887 /* Network */,
				3857168129B7ADD10021662A /* Style */,
				3857167F29B7AB540021662A /* EditTextView.swift */,
				3857168429B7B6320021662A /* LoadingButton.swift */,
			);
			path = Common;
			sourceTree = "<group>";
		};
		3857168129B7ADD10021662A /* Style */ = {
			isa = PBXGroup;
			children = (
				3857168229B7ADF30021662A /* CustomTextFieldStyle.swift */,
			);
			path = Style;
			sourceTree = "<group>";
		};
		385AACE629AE7E0800B45313 = {
			isa = PBXGroup;
			children = (
				385AACF129AE7E0800B45313 /* Mycar */,
				385AACF029AE7E0800B45313 /* Products */,
			);
			sourceTree = "<group>";
		};
		385AACF029AE7E0800B45313 /* Products */ = {
			isa = PBXGroup;
			children = (
				385AACEF29AE7E0800B45313 /* Mycar.app */,
			);
			name = Products;
			sourceTree = "<group>";
		};
		385AACF129AE7E0800B45313 /* Mycar */ = {
			isa = PBXGroup;
			children = (
				38DFF68329D60626009EC28C /* FipeSearch */,
				387D7A2429C48FBF00F91887 /* Home */,
				3857167E29B7AB310021662A /* Common */,
				385AAD0129AE7E2200B45313 /* Cars */,
				385AAD0029AE7E1800B45313 /* Splash */,
				385AACF229AE7E0800B45313 /* MycarApp.swift */,
				385AACF629AE7E0A00B45313 /* Assets.xcassets */,
				385AACF829AE7E0A00B45313 /* Preview Content */,
			);
			path = Mycar;
			sourceTree = "<group>";
		};
		385AACF829AE7E0A00B45313 /* Preview Content */ = {
			isa = PBXGroup;
			children = (
				385AACF929AE7E0A00B45313 /* Preview Assets.xcassets */,
			);
			path = "Preview Content";
			sourceTree = "<group>";
		};
		385AAD0029AE7E1800B45313 /* Splash */ = {
			isa = PBXGroup;
			children = (
				385AAD0529AE7F0E00B45313 /* Model */,
				385AAD0429AE7F0800B45313 /* ViewModel */,
				385AAD0329AE7F0200B45313 /* View */,
			);
			path = Splash;
			sourceTree = "<group>";
		};
		385AAD0129AE7E2200B45313 /* Cars */ = {
			isa = PBXGroup;
			children = (
				385AAD1429AE893900B45313 /* Model */,
				385AAD0F29AE856D00B45313 /* ViewModel */,
				385AAD0E29AE856700B45313 /* View */,
			);
			path = Cars;
			sourceTree = "<group>";
		};
		385AAD0329AE7F0200B45313 /* View */ = {
			isa = PBXGroup;
			children = (
				385AAD0A29AE7F9C00B45313 /* SplashView.swift */,
			);
			path = View;
			sourceTree = "<group>";
		};
		385AAD0429AE7F0800B45313 /* ViewModel */ = {
			isa = PBXGroup;
			children = (
				385AAD0829AE7F7000B45313 /* SplashViewModel.swift */,
				385AAD0C29AE84DB00B45313 /* SplashViewRouter.swift */,
			);
			path = ViewModel;
			sourceTree = "<group>";
		};
		385AAD0529AE7F0E00B45313 /* Model */ = {
			isa = PBXGroup;
			children = (
				385AAD0629AE7F2B00B45313 /* SplashUiState.swift */,
			);
			path = Model;
			sourceTree = "<group>";
		};
		385AAD0E29AE856700B45313 /* View */ = {
			isa = PBXGroup;
			children = (
				385AAD1029AE857A00B45313 /* CarsView.swift */,
			);
			path = View;
			sourceTree = "<group>";
		};
		385AAD0F29AE856D00B45313 /* ViewModel */ = {
			isa = PBXGroup;
			children = (
				385AAD1229AE858700B45313 /* CarsViewModel.swift */,
			);
			path = ViewModel;
			sourceTree = "<group>";
		};
		385AAD1429AE893900B45313 /* Model */ = {
			isa = PBXGroup;
			children = (
				385AAD1529AE894700B45313 /* CarsModel.swift */,
			);
			path = Model;
			sourceTree = "<group>";
		};
		387D7A2429C48FBF00F91887 /* Home */ = {
			isa = PBXGroup;
			children = (
				387D7A2729C4914400F91887 /* Model */,
				387D7A2629C4913300F91887 /* ViewModel */,
				387D7A2529C4912C00F91887 /* View */,
			);
			path = Home;
			sourceTree = "<group>";
		};
		387D7A2529C4912C00F91887 /* View */ = {
			isa = PBXGroup;
			children = (
				38DFF68D29D60DE3009EC28C /* HomeView.swift */,
			);
			path = View;
			sourceTree = "<group>";
		};
		387D7A2629C4913300F91887 /* ViewModel */ = {
			isa = PBXGroup;
			children = (
				38DFF68F29D60E8C009EC28C /* HomeViewModel.swift */,
				38DFF69129D613CB009EC28C /* HomeViewRouter.swift */,
			);
			path = ViewModel;
			sourceTree = "<group>";
		};
		387D7A2729C4914400F91887 /* Model */ = {
			isa = PBXGroup;
			children = (
			);
			path = Model;
			sourceTree = "<group>";
		};
		387D7A2A29C499BD00F91887 /* Network */ = {
			isa = PBXGroup;
			children = (
				387D7A2B29C499E900F91887 /* WebService.swift */,
			);
			path = Network;
			sourceTree = "<group>";
		};
		387D7A2D29C49E6A00F91887 /* Interector */ = {
			isa = PBXGroup;
			children = (
				387D7A2E29C49E8700F91887 /* CarRemoteDataSource.swift */,
				387D7A3529C4A1E600F91887 /* CarInterector.swift */,
			);
			path = Interector;
			sourceTree = "<group>";
		};
		387D7A3229C4A12500F91887 /* Model */ = {
			isa = PBXGroup;
			children = (
				387D7A3329C4A13400F91887 /* AppError.swift */,
			);
			path = Model;
			sourceTree = "<group>";
		};
		387D7A3F29C72AA400F91887 /* Lang */ = {
			isa = PBXGroup;
			children = (
				387D7A4029C72ACF00F91887 /* String+Extensions.swift */,
			);
			path = Lang;
			sourceTree = "<group>";
		};
		38DFF68329D60626009EC28C /* FipeSearch */ = {
			isa = PBXGroup;
			children = (
				387D7A2D29C49E6A00F91887 /* Interector */,
				38DFF68629D60660009EC28C /* View */,
				38DFF68529D6065A009EC28C /* ViewModel */,
				38DFF68429D60654009EC28C /* Model */,
			);
			path = FipeSearch;
			sourceTree = "<group>";
		};
		38DFF68429D60654009EC28C /* Model */ = {
			isa = PBXGroup;
			children = (
				387D7A3029C4A08500F91887 /* BrandResponse.swift */,
				387D7A3D29C60DF300F91887 /* ModelResponse.swift */,
				38DFF67B29CCCA30009EC28C /* YearResponse.swift */,
				38DFF67F29CCE608009EC28C /* DescriptResponse.swift */,
				38DFF68929D6076B009EC28C /* FipeSearchModel.swift */,
			);
			path = Model;
			sourceTree = "<group>";
		};
		38DFF68529D6065A009EC28C /* ViewModel */ = {
			isa = PBXGroup;
			children = (
				387D7A3929C4EC3800F91887 /* BrandViewModel.swift */,
				387D7A3B29C6053D00F91887 /* ModelViewModel.swift */,
				38DFF67D29CCCA55009EC28C /* YearViewModel.swift */,
				38DFF68129CCE6C5009EC28C /* DescriptViewModel.swift */,
				38DFF68729D606D9009EC28C /* FipeSearchViewModel.swift */,
			);
			path = ViewModel;
			sourceTree = "<group>";
		};
		38DFF68629D60660009EC28C /* View */ = {
			isa = PBXGroup;
			children = (
				38DFF68B29D609D2009EC28C /* FipeSearchView.swift */,
			);
			path = View;
			sourceTree = "<group>";
		};
/* End PBXGroup section */

/* Begin PBXNativeTarget section */
		385AACEE29AE7E0800B45313 /* Mycar */ = {
			isa = PBXNativeTarget;
			buildConfigurationList = 385AACFD29AE7E0A00B45313 /* Build configuration list for PBXNativeTarget "Mycar" */;
			buildPhases = (
				385AACEB29AE7E0800B45313 /* Sources */,
				385AACEC29AE7E0800B45313 /* Frameworks */,
				385AACED29AE7E0800B45313 /* Resources */,
			);
			buildRules = (
			);
			dependencies = (
			);
			name = Mycar;
			productName = Mycar;
			productReference = 385AACEF29AE7E0800B45313 /* Mycar.app */;
			productType = "com.apple.product-type.application";
		};
/* End PBXNativeTarget section */

/* Begin PBXProject section */
		385AACE729AE7E0800B45313 /* Project object */ = {
			isa = PBXProject;
			attributes = {
				BuildIndependentTargetsInParallel = 1;
				LastSwiftUpdateCheck = 1340;
				LastUpgradeCheck = 1340;
				TargetAttributes = {
					385AACEE29AE7E0800B45313 = {
						CreatedOnToolsVersion = 13.4.1;
					};
				};
			};
			buildConfigurationList = 385AACEA29AE7E0800B45313 /* Build configuration list for PBXProject "Mycar" */;
			compatibilityVersion = "Xcode 13.0";
			developmentRegion = en;
			hasScannedForEncodings = 0;
			knownRegions = (
				en,
				Base,
			);
			mainGroup = 385AACE629AE7E0800B45313;
			productRefGroup = 385AACF029AE7E0800B45313 /* Products */;
			projectDirPath = "";
			projectRoot = "";
			targets = (
				385AACEE29AE7E0800B45313 /* Mycar */,
			);
		};
/* End PBXProject section */

/* Begin PBXResourcesBuildPhase section */
		385AACED29AE7E0800B45313 /* Resources */ = {
			isa = PBXResourcesBuildPhase;
			buildActionMask = 2147483647;
			files = (
				385AACFA29AE7E0A00B45313 /* Preview Assets.xcassets in Resources */,
				385AACF729AE7E0A00B45313 /* Assets.xcassets in Resources */,
			);
			runOnlyForDeploymentPostprocessing = 0;
		};
/* End PBXResourcesBuildPhase section */

/* Begin PBXSourcesBuildPhase section */
		385AACEB29AE7E0800B45313 /* Sources */ = {
			isa = PBXSourcesBuildPhase;
			buildActionMask = 2147483647;
			files = (
				38DFF68829D606D9009EC28C /* FipeSearchViewModel.swift in Sources */,
				38DFF68E29D60DE3009EC28C /* HomeView.swift in Sources */,
				387D7A2C29C499E900F91887 /* WebService.swift in Sources */,
				387D7A4129C72ACF00F91887 /* String+Extensions.swift in Sources */,
				385AAD0B29AE7F9C00B45313 /* SplashView.swift in Sources */,
				385AAD1329AE858700B45313 /* CarsViewModel.swift in Sources */,
				387D7A3129C4A08500F91887 /* BrandResponse.swift in Sources */,
				387D7A3429C4A13400F91887 /* AppError.swift in Sources */,
				387D7A3629C4A1E600F91887 /* CarInterector.swift in Sources */,
				38DFF68A29D6076B009EC28C /* FipeSearchModel.swift in Sources */,
				387D7A2F29C49E8700F91887 /* CarRemoteDataSource.swift in Sources */,
				38DFF68229CCE6C5009EC28C /* DescriptViewModel.swift in Sources */,
				385AAD0D29AE84DB00B45313 /* SplashViewRouter.swift in Sources */,
				3857168629B8FCE60021662A /* MycarApp.swift in Sources */,
				3857168329B7ADF30021662A /* CustomTextFieldStyle.swift in Sources */,
				38DFF69029D60E8C009EC28C /* HomeViewModel.swift in Sources */,
				385AAD1629AE894700B45313 /* CarsModel.swift in Sources */,
				3857168529B7B6320021662A /* LoadingButton.swift in Sources */,
				387D7A3C29C6053D00F91887 /* ModelViewModel.swift in Sources */,
				38DFF68029CCE608009EC28C /* DescriptResponse.swift in Sources */,
				38DFF69229D613CB009EC28C /* HomeViewRouter.swift in Sources */,
				38DFF67E29CCCA55009EC28C /* YearViewModel.swift in Sources */,
				387D7A3A29C4EC3800F91887 /* BrandViewModel.swift in Sources */,
				385AAD1129AE857A00B45313 /* CarsView.swift in Sources */,
				3857168029B7AB540021662A /* EditTextView.swift in Sources */,
				385AAD0729AE7F2B00B45313 /* SplashUiState.swift in Sources */,
				38DFF68C29D609D2009EC28C /* FipeSearchView.swift in Sources */,
				387D7A3E29C60DF300F91887 /* ModelResponse.swift in Sources */,
				385AAD0929AE7F7000B45313 /* SplashViewModel.swift in Sources */,
				38DFF67C29CCCA30009EC28C /* YearResponse.swift in Sources */,
			);
			runOnlyForDeploymentPostprocessing = 0;
		};
/* End PBXSourcesBuildPhase section */

/* Begin XCBuildConfiguration section */
		385AACFB29AE7E0A00B45313 /* Debug */ = {
			isa = XCBuildConfiguration;
			buildSettings = {
				ALWAYS_SEARCH_USER_PATHS = NO;
				CLANG_ANALYZER_NONNULL = YES;
				CLANG_ANALYZER_NUMBER_OBJECT_CONVERSION = YES_AGGRESSIVE;
				CLANG_CXX_LANGUAGE_STANDARD = "gnu++17";
				CLANG_ENABLE_MODULES = YES;
				CLANG_ENABLE_OBJC_ARC = YES;
				CLANG_ENABLE_OBJC_WEAK = YES;
				CLANG_WARN_BLOCK_CAPTURE_AUTORELEASING = YES;
				CLANG_WARN_BOOL_CONVERSION = YES;
				CLANG_WARN_COMMA = YES;
				CLANG_WARN_CONSTANT_CONVERSION = YES;
				CLANG_WARN_DEPRECATED_OBJC_IMPLEMENTATIONS = YES;
				CLANG_WARN_DIRECT_OBJC_ISA_USAGE = YES_ERROR;
				CLANG_WARN_DOCUMENTATION_COMMENTS = YES;
				CLANG_WARN_EMPTY_BODY = YES;
				CLANG_WARN_ENUM_CONVERSION = YES;
				CLANG_WARN_INFINITE_RECURSION = YES;
				CLANG_WARN_INT_CONVERSION = YES;
				CLANG_WARN_NON_LITERAL_NULL_CONVERSION = YES;
				CLANG_WARN_OBJC_IMPLICIT_RETAIN_SELF = YES;
				CLANG_WARN_OBJC_LITERAL_CONVERSION = YES;
				CLANG_WARN_OBJC_ROOT_CLASS = YES_ERROR;
				CLANG_WARN_QUOTED_INCLUDE_IN_FRAMEWORK_HEADER = YES;
				CLANG_WARN_RANGE_LOOP_ANALYSIS = YES;
				CLANG_WARN_STRICT_PROTOTYPES = YES;
				CLANG_WARN_SUSPICIOUS_MOVE = YES;
				CLANG_WARN_UNGUARDED_AVAILABILITY = YES_AGGRESSIVE;
				CLANG_WARN_UNREACHABLE_CODE = YES;
				CLANG_WARN__DUPLICATE_METHOD_MATCH = YES;
				COPY_PHASE_STRIP = NO;
				DEBUG_INFORMATION_FORMAT = dwarf;
				ENABLE_STRICT_OBJC_MSGSEND = YES;
				ENABLE_TESTABILITY = YES;
				GCC_C_LANGUAGE_STANDARD = gnu11;
				GCC_DYNAMIC_NO_PIC = NO;
				GCC_NO_COMMON_BLOCKS = YES;
				GCC_OPTIMIZATION_LEVEL = 0;
				GCC_PREPROCESSOR_DEFINITIONS = (
					"DEBUG=1",
					"$(inherited)",
				);
				GCC_WARN_64_TO_32_BIT_CONVERSION = YES;
				GCC_WARN_ABOUT_RETURN_TYPE = YES_ERROR;
				GCC_WARN_UNDECLARED_SELECTOR = YES;
				GCC_WARN_UNINITIALIZED_AUTOS = YES_AGGRESSIVE;
				GCC_WARN_UNUSED_FUNCTION = YES;
				GCC_WARN_UNUSED_VARIABLE = YES;
				IPHONEOS_DEPLOYMENT_TARGET = 15.5;
				MTL_ENABLE_DEBUG_INFO = INCLUDE_SOURCE;
				MTL_FAST_MATH = YES;
				ONLY_ACTIVE_ARCH = YES;
				SDKROOT = iphoneos;
				SWIFT_ACTIVE_COMPILATION_CONDITIONS = DEBUG;
				SWIFT_OPTIMIZATION_LEVEL = "-Onone";
			};
			name = Debug;
		};
		385AACFC29AE7E0A00B45313 /* Release */ = {
			isa = XCBuildConfiguration;
			buildSettings = {
				ALWAYS_SEARCH_USER_PATHS = NO;
				CLANG_ANALYZER_NONNULL = YES;
				CLANG_ANALYZER_NUMBER_OBJECT_CONVERSION = YES_AGGRESSIVE;
				CLANG_CXX_LANGUAGE_STANDARD = "gnu++17";
				CLANG_ENABLE_MODULES = YES;
				CLANG_ENABLE_OBJC_ARC = YES;
				CLANG_ENABLE_OBJC_WEAK = YES;
				CLANG_WARN_BLOCK_CAPTURE_AUTORELEASING = YES;
				CLANG_WARN_BOOL_CONVERSION = YES;
				CLANG_WARN_COMMA = YES;
				CLANG_WARN_CONSTANT_CONVERSION = YES;
				CLANG_WARN_DEPRECATED_OBJC_IMPLEMENTATIONS = YES;
				CLANG_WARN_DIRECT_OBJC_ISA_USAGE = YES_ERROR;
				CLANG_WARN_DOCUMENTATION_COMMENTS = YES;
				CLANG_WARN_EMPTY_BODY = YES;
				CLANG_WARN_ENUM_CONVERSION = YES;
				CLANG_WARN_INFINITE_RECURSION = YES;
				CLANG_WARN_INT_CONVERSION = YES;
				CLANG_WARN_NON_LITERAL_NULL_CONVERSION = YES;
				CLANG_WARN_OBJC_IMPLICIT_RETAIN_SELF = YES;
				CLANG_WARN_OBJC_LITERAL_CONVERSION = YES;
				CLANG_WARN_OBJC_ROOT_CLASS = YES_ERROR;
				CLANG_WARN_QUOTED_INCLUDE_IN_FRAMEWORK_HEADER = YES;
				CLANG_WARN_RANGE_LOOP_ANALYSIS = YES;
				CLANG_WARN_STRICT_PROTOTYPES = YES;
				CLANG_WARN_SUSPICIOUS_MOVE = YES;
				CLANG_WARN_UNGUARDED_AVAILABILITY = YES_AGGRESSIVE;
				CLANG_WARN_UNREACHABLE_CODE = YES;
				CLANG_WARN__DUPLICATE_METHOD_MATCH = YES;
				COPY_PHASE_STRIP = NO;
				DEBUG_INFORMATION_FORMAT = "dwarf-with-dsym";
				ENABLE_NS_ASSERTIONS = NO;
				ENABLE_STRICT_OBJC_MSGSEND = YES;
				GCC_C_LANGUAGE_STANDARD = gnu11;
				GCC_NO_COMMON_BLOCKS = YES;
				GCC_WARN_64_TO_32_BIT_CONVERSION = YES;
				GCC_WARN_ABOUT_RETURN_TYPE = YES_ERROR;
				GCC_WARN_UNDECLARED_SELECTOR = YES;
				GCC_WARN_UNINITIALIZED_AUTOS = YES_AGGRESSIVE;
				GCC_WARN_UNUSED_FUNCTION = YES;
				GCC_WARN_UNUSED_VARIABLE = YES;
				IPHONEOS_DEPLOYMENT_TARGET = 15.5;
				MTL_ENABLE_DEBUG_INFO = NO;
				MTL_FAST_MATH = YES;
				SDKROOT = iphoneos;
				SWIFT_COMPILATION_MODE = wholemodule;
				SWIFT_OPTIMIZATION_LEVEL = "-O";
				VALIDATE_PRODUCT = YES;
			};
			name = Release;
		};
		385AACFE29AE7E0A00B45313 /* Debug */ = {
			isa = XCBuildConfiguration;
			buildSettings = {
				ASSETCATALOG_COMPILER_APPICON_NAME = AppIcon;
				ASSETCATALOG_COMPILER_GLOBAL_ACCENT_COLOR_NAME = AccentColor;
				CODE_SIGN_STYLE = Automatic;
				CURRENT_PROJECT_VERSION = 1;
				DEVELOPMENT_ASSET_PATHS = "\"Mycar/Preview Content\"";
				DEVELOPMENT_TEAM = 6L32P7KX52;
				ENABLE_PREVIEWS = YES;
				GENERATE_INFOPLIST_FILE = YES;
				INFOPLIST_KEY_UIApplicationSceneManifest_Generation = YES;
				INFOPLIST_KEY_UIApplicationSupportsIndirectInputEvents = YES;
				INFOPLIST_KEY_UILaunchScreen_Generation = YES;
				INFOPLIST_KEY_UISupportedInterfaceOrientations = "";
				INFOPLIST_KEY_UISupportedInterfaceOrientations_iPad = "UIInterfaceOrientationPortrait UIInterfaceOrientationPortraitUpsideDown UIInterfaceOrientationLandscapeLeft UIInterfaceOrientationLandscapeRight";
				INFOPLIST_KEY_UISupportedInterfaceOrientations_iPhone = "UIInterfaceOrientationPortrait UIInterfaceOrientationLandscapeLeft UIInterfaceOrientationLandscapeRight";
				LD_RUNPATH_SEARCH_PATHS = (
					"$(inherited)",
					"@executable_path/Frameworks",
				);
				MARKETING_VERSION = 1.0;
				PRODUCT_BUNDLE_IDENTIFIER = com.robertofilho.Mycar;
				PRODUCT_NAME = "$(TARGET_NAME)";
				SWIFT_EMIT_LOC_STRINGS = YES;
				SWIFT_VERSION = 5.0;
				TARGETED_DEVICE_FAMILY = "1,2";
			};
			name = Debug;
		};
		385AACFF29AE7E0A00B45313 /* Release */ = {
			isa = XCBuildConfiguration;
			buildSettings = {
				ASSETCATALOG_COMPILER_APPICON_NAME = AppIcon;
				ASSETCATALOG_COMPILER_GLOBAL_ACCENT_COLOR_NAME = AccentColor;
				CODE_SIGN_STYLE = Automatic;
				CURRENT_PROJECT_VERSION = 1;
				DEVELOPMENT_ASSET_PATHS = "\"Mycar/Preview Content\"";
				DEVELOPMENT_TEAM = 6L32P7KX52;
				ENABLE_PREVIEWS = YES;
				GENERATE_INFOPLIST_FILE = YES;
				INFOPLIST_KEY_UIApplicationSceneManifest_Generation = YES;
				INFOPLIST_KEY_UIApplicationSupportsIndirectInputEvents = YES;
				INFOPLIST_KEY_UILaunchScreen_Generation = YES;
				INFOPLIST_KEY_UISupportedInterfaceOrientations = "";
				INFOPLIST_KEY_UISupportedInterfaceOrientations_iPad = "UIInterfaceOrientationPortrait UIInterfaceOrientationPortraitUpsideDown UIInterfaceOrientationLandscapeLeft UIInterfaceOrientationLandscapeRight";
				INFOPLIST_KEY_UISupportedInterfaceOrientations_iPhone = "UIInterfaceOrientationPortrait UIInterfaceOrientationLandscapeLeft UIInterfaceOrientationLandscapeRight";
				LD_RUNPATH_SEARCH_PATHS = (
					"$(inherited)",
					"@executable_path/Frameworks",
				);
				MARKETING_VERSION = 1.0;
				PRODUCT_BUNDLE_IDENTIFIER = com.robertofilho.Mycar;
				PRODUCT_NAME = "$(TARGET_NAME)";
				SWIFT_EMIT_LOC_STRINGS = YES;
				SWIFT_VERSION = 5.0;
				TARGETED_DEVICE_FAMILY = "1,2";
			};
			name = Release;
		};
/* End XCBuildConfiguration section */

/* Begin XCConfigurationList section */
		385AACEA29AE7E0800B45313 /* Build configuration list for PBXProject "Mycar" */ = {
			isa = XCConfigurationList;
			buildConfigurations = (
				385AACFB29AE7E0A00B45313 /* Debug */,
				385AACFC29AE7E0A00B45313 /* Release */,
			);
			defaultConfigurationIsVisible = 0;
			defaultConfigurationName = Release;
		};
		385AACFD29AE7E0A00B45313 /* Build configuration list for PBXNativeTarget "Mycar" */ = {
			isa = XCConfigurationList;
			buildConfigurations = (
				385AACFE29AE7E0A00B45313 /* Debug */,
				385AACFF29AE7E0A00B45313 /* Release */,
			);
			defaultConfigurationIsVisible = 0;
			defaultConfigurationName = Release;
		};
/* End XCConfigurationList section */
	};
	rootObject = 385AACE729AE7E0800B45313 /* Project object */;
}
